
Microsoft Visual Studio Solution File, Format Version 12.00
# Visual Studio 15
VisualStudioVersion = 15.0.28307.779
MinimumVisualStudioVersion = 10.0.40219.1
Project("{FAE04EC0-301F-11D3-BF4B-00C04F79EFBC}") = "ejercisiosBasicos", "ejercisiosBasicos.csproj", "{80D6B122-0ABB-4D8E-9014-4F147904FD42}"
EndProject
Global
	GlobalSection(SolutionConfigurationPlatforms) = preSolution
		Debug|x86 = Debug|x86
		Release|x86 = Release|x86
	EndGlobalSection
	GlobalSection(ProjectConfigurationPlatforms) = postSolution
		{80D6B122-0ABB-4D8E-9014-4F147904FD42}.Debug|x86.ActiveCfg = Debug|x86
		{80D6B122-0ABB-4D8E-9014-4F147904FD42}.Debug|x86.Build.0 = Debug|x86
		{80D6B122-0ABB-4D8E-9014-4F147904FD42}.Release|x86.ActiveCfg = Release|x86
		{80D6B122-0ABB-4D8E-9014-4F147904FD42}.Release|x86.Build.0 = Release|x86
	EndGlobalSection
	GlobalSection(SolutionProperties) = preSolution
		HideSolutionNode = FALSE
	EndGlobalSection
	GlobalSection(ExtensibilityGlobals) = postSolution
		SolutionGuid = {2F27164D-6AC4-4D1F-85FE-D5C204CEEB5C}
	EndGlobalSection
EndGlobal
